PODS:
  - Alamofire (4.7.3)
  - KIF (3.7.4):
    - KIF/Core (= 3.7.4)
  - KIF/Core (3.7.4)
  - KIF/IdentifierTests (3.7.4):
    - KIF/Core
  - lottie-ios (2.5.2)
  - Moya/Core (11.0.2):
    - Alamofire (~> 4.1)
    - Result (~> 3.0)
  - Moya/RxSwift (11.0.2):
    - Moya/Core
    - RxSwift (~> 4.0)
  - Nimble (7.3.1)
  - Quick (1.3.2)
  - R.swift (4.0.0):
    - R.swift.Library (~> 4.0.0)
  - R.swift.Library (4.0.0)
  - ReachabilitySwift (4.3.0)
  - Result (3.2.4)
  - Reusable (4.0.4):
    - Reusable/Storyboard (= 4.0.4)
    - Reusable/View (= 4.0.4)
  - Reusable/Storyboard (4.0.4)
  - Reusable/View (4.0.4)
  - RxBlocking (4.3.1):
    - RxSwift (~> 4.0)
  - RxCocoa (4.3.1):
    - RxSwift (~> 4.0)
  - RxGesture (2.0.1):
    - RxCocoa (~> 4.3.1)
    - RxSwift (~> 4.3.1)
  - RxSwift (4.3.1)
  - RxSwiftExt (3.3.0):
    - RxSwiftExt/Core (= 3.3.0)
  - RxSwiftExt/Core (3.3.0):
    - RxSwift (~> 4.0)
  - RxSwiftUtilities (2.0.1):
    - RxCocoa (~> 4.0)
    - RxSwift (~> 4.0)
  - SwiftLint (0.27.0)
  - Swinject (2.0.0)

DEPENDENCIES:
  - KIF
  - KIF/IdentifierTests
  - lottie-ios
  - Moya/RxSwift
  - Nimble
  - Quick
  - R.swift
  - ReachabilitySwift
  - Reusable
  - RxBlocking
  - RxCocoa
  - RxGesture
  - RxSwift
  - RxSwiftExt
  - RxSwiftUtilities (~> 2.0.1)
  - SwiftLint
  - Swinject (~> 2.0.0)

SPEC REPOS:
  https://github.com/cocoapods/specs.git:
    - Alamofire
    - KIF
    - lottie-ios
    - Moya
    - Nimble
    - Quick
    - R.swift
    - R.swift.Library
    - ReachabilitySwift
    - Result
    - Reusable
    - RxBlocking
    - RxCocoa
    - RxGesture
    - RxSwift
    - RxSwiftExt
    - RxSwiftUtilities
    - SwiftLint
    - Swinject

SPEC CHECKSUMS:
  Alamofire: c7287b6e5d7da964a70935e5db17046b7fde6568
  KIF: f3d01c109ee9d1cfe6b0f2bb2aa278e807e971e2
  lottie-ios: 3fef45d3fabe63e3c7c2eb603dd64ddfffc73062
  Moya: a725035953bc1c0eb1be505ab903984501d82440
  Nimble: 04f732da099ea4d153122aec8c2a88fd0c7219ae
  Quick: 2623cb30d7a7f41ca62f684f679586558f483d46
  R.swift: d6a5ec2f55a8441dc0ed9f1f8b37d7d11ae85c66
  R.swift.Library: c3af34921024333546e23b70e70d0b4e0cffca75
  ReachabilitySwift: 408477d1b6ed9779dba301953171e017c31241f3
  Result: d2d07204ce72856f1fd9130bbe42c35a7b0fea10
  Reusable: 7fc772097df3e5fc86f59d8a7af9708e49b5ff55
  RxBlocking: 64c051285261ca2339481e91b5f70eb06b03660a
  RxCocoa: 78763c7b07d02455598d9fc3c1ad091a28b73635
  RxGesture: 26ede4ed13ffc6336d29dbd9a8dff229bdb72de7
  RxSwift: fe0fd770a43acdb7d0a53da411c9b892e69bb6e4
  RxSwiftExt: 81afb48ab0602f503147417baeb3989d64c7687d
  RxSwiftUtilities: 0edb01ef16c527c10fb352485b62cbd951e4a04d
  SwiftLint: 3207c1faa2240bf8973b191820a116113cd11073
  Swinject: 2e964a80d70ab09b3949c99032711f89147bfd60

PODFILE CHECKSUM: 1b084b77178ec003193b0db99e7f41ae06a2dc60

COCOAPODS: 1.6.1
