PODS:
  - Alamofire (4.7.2)
  - KIF (3.7.3):
    - KIF/Core (= 3.7.3)
  - KIF/Core (3.7.3)
  - KIF/IdentifierTests (3.7.3):
    - KIF/Core
  - Moya/Core (11.0.2):
    - Alamofire (~> 4.1)
    - Result (~> 3.0)
  - Moya/RxSwift (11.0.2):
    - Moya/Core
    - RxSwift (~> 4.0)
  - Nimble (7.1.1)
  - Quick (1.3.0)
  - R.swift (4.0.0):
    - R.swift.Library (~> 4.0.0)
  - R.swift.Library (4.0.0)
  - ReachabilitySwift (4.1.0)
  - Result (3.2.4)
  - Reusable (4.0.2):
    - Reusable/Storyboard (= 4.0.2)
    - Reusable/View (= 4.0.2)
  - Reusable/Storyboard (4.0.2)
  - Reusable/View (4.0.2)
  - RxBlocking (4.1.2):
    - RxSwift (~> 4.0)
  - RxCocoa (4.1.2):
    - RxSwift (~> 4.0)
  - RxGesture (1.2.1):
    - RxCocoa (~> 4.0)
    - RxSwift (~> 4.0)
  - RxSwift (4.1.2)
  - RxSwiftUtilities (2.0.1):
    - RxCocoa (~> 4.0)
    - RxSwift (~> 4.0)
  - SwiftLint (0.25.1)
  - Swinject (2.0.0)

DEPENDENCIES:
  - KIF
  - KIF/IdentifierTests
  - Moya/RxSwift
  - Nimble
  - Quick
  - R.swift
  - ReachabilitySwift
  - Reusable
  - RxBlocking
  - RxCocoa
  - RxGesture
  - RxSwift
  - RxSwiftUtilities (~> 2.0.1)
  - SwiftLint
  - Swinject (~> 2.0.0)

SPEC REPOS:
  https://github.com/cocoapods/specs.git:
    - Alamofire
    - KIF
    - Moya
    - Nimble
    - Quick
    - R.swift
    - R.swift.Library
    - ReachabilitySwift
    - Result
    - Reusable
    - RxBlocking
    - RxCocoa
    - RxGesture
    - RxSwift
    - RxSwiftUtilities
    - SwiftLint
    - Swinject

SPEC CHECKSUMS:
  Alamofire: e4fa87002c137ba2d8d634d2c51fabcda0d5c223
  KIF: 4c23b5d24dba24d3cb6dbb9c7d325b31e526ba4a
  Moya: a725035953bc1c0eb1be505ab903984501d82440
  Nimble: 391f07782af4b37914f9bd7b2ffbb952731b8202
  Quick: 03278013f71aa05fe9ecabc94fbcc6835f1ee76f
  R.swift: d6a5ec2f55a8441dc0ed9f1f8b37d7d11ae85c66
  R.swift.Library: c3af34921024333546e23b70e70d0b4e0cffca75
  ReachabilitySwift: 6849231cd4e06559f3b9ef4a97a0a0f96d41e09f
  Result: d2d07204ce72856f1fd9130bbe42c35a7b0fea10
  Reusable: 584a5629747c52e0f6a77841b400dc2643f6fa0f
  RxBlocking: f6054985901412fc8c02daa84e92d4ba68c61389
  RxCocoa: d88ba0f1f6abf040011a9eb4b539324fc426843a
  RxGesture: c278eb05b187abd47e11e65464ae4de53ab71d95
  RxSwift: e49536837d9901277638493ea537394d4b55f570
  RxSwiftUtilities: 0edb01ef16c527c10fb352485b62cbd951e4a04d
  SwiftLint: ce933681be10c3266e82576dad676fa815a602e9
  Swinject: 2e964a80d70ab09b3949c99032711f89147bfd60

PODFILE CHECKSUM: f8d11e9a22fb5c40832f93e21483d320b3a0f935

COCOAPODS: 1.5.2
