// !$*UTF8*$!
{
	archiveVersion = 1;
	classes = {
	};
	objectVersion = 48;
	objects = {

/* Begin PBXBuildFile section */
		401FBBEA209BA33A00F3B174 /* SearchView.swift in Sources */ = {isa = PBXBuildFile; fileRef = 401FBBE7209BA33A00F3B174 /* SearchView.swift */; };
		401FBBEB209BA33A00F3B174 /* SearchViewModel.swift in Sources */ = {isa = PBXBuildFile; fileRef = 401FBBE8209BA33A00F3B174 /* SearchViewModel.swift */; };
		401FBBEC209BA33A00F3B174 /* SearchView.xib in Resources */ = {isa = PBXBuildFile; fileRef = 401FBBE9209BA33A00F3B174 /* SearchView.xib */; };
		401FBBEE209BA61A00F3B174 /* Rx+Utils.swift in Sources */ = {isa = PBXBuildFile; fileRef = 401FBBED209BA61A00F3B174 /* Rx+Utils.swift */; };
		402FA50020BD65A5009A5E60 /* OnboardingView.swift in Sources */ = {isa = PBXBuildFile; fileRef = 402FA4FD20BD65A4009A5E60 /* OnboardingView.swift */; };
		402FA50220BD65A5009A5E60 /* OnboardingView.xib in Resources */ = {isa = PBXBuildFile; fileRef = 402FA4FF20BD65A4009A5E60 /* OnboardingView.xib */; };
		402FA50520BD9433009A5E60 /* Coordinator.swift in Sources */ = {isa = PBXBuildFile; fileRef = 402FA50420BD9433009A5E60 /* Coordinator.swift */; };
		402FA50720BD9443009A5E60 /* AppCoordinator.swift in Sources */ = {isa = PBXBuildFile; fileRef = 402FA50620BD9443009A5E60 /* AppCoordinator.swift */; };
		402FA50920BDA146009A5E60 /* LoadingView.swift in Sources */ = {isa = PBXBuildFile; fileRef = 402FA50820BDA146009A5E60 /* LoadingView.swift */; };
		402FA50B20BDA26F009A5E60 /* soda_loader.json in Resources */ = {isa = PBXBuildFile; fileRef = 402FA50A20BDA26F009A5E60 /* soda_loader.json */; };
		402FA50D20BDB7A4009A5E60 /* EmptyView.swift in Sources */ = {isa = PBXBuildFile; fileRef = 402FA50C20BDB7A4009A5E60 /* EmptyView.swift */; };
		402FA50F20BDBBD6009A5E60 /* StartView.swift in Sources */ = {isa = PBXBuildFile; fileRef = 402FA50E20BDBBD6009A5E60 /* StartView.swift */; };
		402FA51120BDBFDB009A5E60 /* ErrorView.swift in Sources */ = {isa = PBXBuildFile; fileRef = 402FA51020BDBFDB009A5E60 /* ErrorView.swift */; };
		402FA51320BDC199009A5E60 /* ToastView.swift in Sources */ = {isa = PBXBuildFile; fileRef = 402FA51220BDC199009A5E60 /* ToastView.swift */; };
		404B4C8320BC4F6F004830CA /* UIView+Utils.swift in Sources */ = {isa = PBXBuildFile; fileRef = 404B4C8220BC4F6F004830CA /* UIView+Utils.swift */; };
		404B4C8520BC520C004830CA /* FactItemViewModelSpec.swift in Sources */ = {isa = PBXBuildFile; fileRef = 404B4C8420BC520C004830CA /* FactItemViewModelSpec.swift */; };
		404C80F420BB6ACA00C36D65 /* NorrisResponse+Rx.swift in Sources */ = {isa = PBXBuildFile; fileRef = 404C80F320BB6ACA00C36D65 /* NorrisResponse+Rx.swift */; };
		405D44A52098D54B00160077 /* LaunchScreen.storyboard in Resources */ = {isa = PBXBuildFile; fileRef = 405D44A32098D54B00160077 /* LaunchScreen.storyboard */; };
		405D44A82098D56200160077 /* Info.plist in Resources */ = {isa = PBXBuildFile; fileRef = 405D44A62098D56200160077 /* Info.plist */; };
		405D44A92098D56200160077 /* AppDelegate.swift in Sources */ = {isa = PBXBuildFile; fileRef = 405D44A72098D56200160077 /* AppDelegate.swift */; };
		405D44AC2098D58E00160077 /* DefaultContainer.swift in Sources */ = {isa = PBXBuildFile; fileRef = 405D44AB2098D58E00160077 /* DefaultContainer.swift */; };
		405D44B82098D62800160077 /* MainView.xib in Resources */ = {isa = PBXBuildFile; fileRef = 405D44B52098D62700160077 /* MainView.xib */; };
		405D44B92098D62800160077 /* MainViewModel.swift in Sources */ = {isa = PBXBuildFile; fileRef = 405D44B62098D62800160077 /* MainViewModel.swift */; };
		405D44BA2098D62800160077 /* MainView.swift in Sources */ = {isa = PBXBuildFile; fileRef = 405D44B72098D62800160077 /* MainView.swift */; };
		405D44BD2098D63700160077 /* NorrisRepositoryImpl.swift in Sources */ = {isa = PBXBuildFile; fileRef = 405D44BB2098D63700160077 /* NorrisRepositoryImpl.swift */; };
		405D44BE2098D63700160077 /* NorrisRepository.swift in Sources */ = {isa = PBXBuildFile; fileRef = 405D44BC2098D63700160077 /* NorrisRepository.swift */; };
		405D44C02098D63E00160077 /* Assets.xcassets in Resources */ = {isa = PBXBuildFile; fileRef = 405D44BF2098D63E00160077 /* Assets.xcassets */; };
		405D44C52098D64800160077 /* NorrisService.swift in Sources */ = {isa = PBXBuildFile; fileRef = 405D44C12098D64800160077 /* NorrisService.swift */; };
		405D44C62098D64800160077 /* Constants.swift in Sources */ = {isa = PBXBuildFile; fileRef = 405D44C22098D64800160077 /* Constants.swift */; };
		405D44C72098D64800160077 /* NorrisRouter.swift in Sources */ = {isa = PBXBuildFile; fileRef = 405D44C32098D64800160077 /* NorrisRouter.swift */; };
		405D44C82098D64800160077 /* NorrisServiceImpl.swift in Sources */ = {isa = PBXBuildFile; fileRef = 405D44C42098D64800160077 /* NorrisServiceImpl.swift */; };
		405D44CA2098D64D00160077 /* Networking+Utils.swift in Sources */ = {isa = PBXBuildFile; fileRef = 405D44C92098D64D00160077 /* Networking+Utils.swift */; };
		405D44CE2098D7BF00160077 /* MockNorrisService.swift in Sources */ = {isa = PBXBuildFile; fileRef = 405D44CD2098D7BF00160077 /* MockNorrisService.swift */; };
		405D44D02098D7CD00160077 /* NorrisRepositorySpec.swift in Sources */ = {isa = PBXBuildFile; fileRef = 405D44CF2098D7CD00160077 /* NorrisRepositorySpec.swift */; };
		40696EC020BC301100137E48 /* RandomImage.swift in Sources */ = {isa = PBXBuildFile; fileRef = 40696EBF20BC301100137E48 /* RandomImage.swift */; };
		40696EC220BC30B200137E48 /* Random+Utils.swift in Sources */ = {isa = PBXBuildFile; fileRef = 40696EC120BC30B100137E48 /* Random+Utils.swift */; };
		40696EC420BC3DBF00137E48 /* UILabel+Rx.swift in Sources */ = {isa = PBXBuildFile; fileRef = 40696EC320BC3DBF00137E48 /* UILabel+Rx.swift */; };
		407A2ABF20B85A5000FCC2D1 /* SearchViewModelSpec.swift in Sources */ = {isa = PBXBuildFile; fileRef = 407A2ABE20B85A5000FCC2D1 /* SearchViewModelSpec.swift */; };
		408542A420B38CF10067B39B /* Array+Utils.swift in Sources */ = {isa = PBXBuildFile; fileRef = 408542A320B38CF10067B39B /* Array+Utils.swift */; };
		408542A620B3B20E0067B39B /* RandomSampleSpec.swift in Sources */ = {isa = PBXBuildFile; fileRef = 408542A520B3B20E0067B39B /* RandomSampleSpec.swift */; };
		408606D120AF22CC00258B7A /* MockNorrisRepository.swift in Sources */ = {isa = PBXBuildFile; fileRef = 408606D020AF22CC00258B7A /* MockNorrisRepository.swift */; };
		40943D2C20BD599E00E0A802 /* StateView.swift in Sources */ = {isa = PBXBuildFile; fileRef = 40943D2B20BD599E00E0A802 /* StateView.swift */; };
		40943D2E20BD5F4100E0A802 /* StateView+Rx.swift in Sources */ = {isa = PBXBuildFile; fileRef = 40943D2D20BD5F4100E0A802 /* StateView+Rx.swift */; };
		40A0B6BA20AE6E1A00FFFE6F /* KIF+Utils.swift in Sources */ = {isa = PBXBuildFile; fileRef = 40A0B6B920AE6E1A00FFFE6F /* KIF+Utils.swift */; };
		40A3701920B4801800D2F469 /* LocalStorage.swift in Sources */ = {isa = PBXBuildFile; fileRef = 40A3701820B4801800D2F469 /* LocalStorage.swift */; };
		40A3701C20B4810E00D2F469 /* LocalStorageImpl.swift in Sources */ = {isa = PBXBuildFile; fileRef = 40A3701B20B4810E00D2F469 /* LocalStorageImpl.swift */; };
		40A3702420B4D56400D2F469 /* LocalStorageSpec.swift in Sources */ = {isa = PBXBuildFile; fileRef = 40A3702320B4D56400D2F469 /* LocalStorageSpec.swift */; };
		40BCC7B62098F1D3009279FA /* SearchResponse.swift in Sources */ = {isa = PBXBuildFile; fileRef = 40BCC7B52098F1D3009279FA /* SearchResponse.swift */; };
		40BCC7B82098F1F7009279FA /* Fact.swift in Sources */ = {isa = PBXBuildFile; fileRef = 40BCC7B72098F1F7009279FA /* Fact.swift */; };
		40BCC7BA2098F982009279FA /* HeaderView.swift in Sources */ = {isa = PBXBuildFile; fileRef = 40BCC7B92098F982009279FA /* HeaderView.swift */; };
		40BCC7BC2098FBE7009279FA /* NSObject+Rx.swift in Sources */ = {isa = PBXBuildFile; fileRef = 40BCC7BB2098FBE7009279FA /* NSObject+Rx.swift */; };
		40BCC7BE2098FC08009279FA /* UIView+Constraints.swift in Sources */ = {isa = PBXBuildFile; fileRef = 40BCC7BD2098FC08009279FA /* UIView+Constraints.swift */; };
		40BCC7C1209AB34A009279FA /* FactCell.xib in Resources */ = {isa = PBXBuildFile; fileRef = 40BCC7C0209AB34A009279FA /* FactCell.xib */; };
		40BCC7C3209AB36B009279FA /* FactCell.swift in Sources */ = {isa = PBXBuildFile; fileRef = 40BCC7C2209AB36B009279FA /* FactCell.swift */; };
		40BCC7C5209AB3AF009279FA /* FactViewModel.swift in Sources */ = {isa = PBXBuildFile; fileRef = 40BCC7C4209AB3AF009279FA /* FactViewModel.swift */; };
		40C22EA520ABA46D0032FB70 /* CloudTagView.swift in Sources */ = {isa = PBXBuildFile; fileRef = 40C22EA420ABA46D0032FB70 /* CloudTagView.swift */; };
		40C3FC9C20BCF89400072FE5 /* MainViewModelSpec.swift in Sources */ = {isa = PBXBuildFile; fileRef = 40C3FC9B20BCF89300072FE5 /* MainViewModelSpec.swift */; };
		40C4827B20AE438D00A12282 /* String+Utils.swift in Sources */ = {isa = PBXBuildFile; fileRef = 40C4827A20AE438D00A12282 /* String+Utils.swift */; };
		40C4827D20AE4B4B00A12282 /* CloudTagView+Rx.swift in Sources */ = {isa = PBXBuildFile; fileRef = 40C4827C20AE4B4B00A12282 /* CloudTagView+Rx.swift */; };
		40C4828020AE4D2C00A12282 /* CloudTagViewSpec.swift in Sources */ = {isa = PBXBuildFile; fileRef = 40C4827F20AE4D2C00A12282 /* CloudTagViewSpec.swift */; };
		40C4828320AE4E3800A12282 /* BaseUITest.swift in Sources */ = {isa = PBXBuildFile; fileRef = 40C4828220AE4E3800A12282 /* BaseUITest.swift */; };
		40C4828520AE5AE500A12282 /* BaseUITests+Utils.swift in Sources */ = {isa = PBXBuildFile; fileRef = 40C4828420AE5AE500A12282 /* BaseUITests+Utils.swift */; };
		40DA7BCA209AB5660016B326 /* UIColor+Utils.swift in Sources */ = {isa = PBXBuildFile; fileRef = 40DA7BC9209AB5660016B326 /* UIColor+Utils.swift */; };
		40DA7BD0209B3E2F0016B326 /* UITextFIeld+Utils.swift in Sources */ = {isa = PBXBuildFile; fileRef = 40DA7BCF209B3E2F0016B326 /* UITextFIeld+Utils.swift */; };
		40DA7BD2209B3FF40016B326 /* R.generated.swift in Sources */ = {isa = PBXBuildFile; fileRef = 40DA7BD1209B3FF40016B326 /* R.generated.swift */; };
		40DA7BF2209B4BD10016B326 /* HeaderView+Rx.swift in Sources */ = {isa = PBXBuildFile; fileRef = 40DA7BF1209B4BD10016B326 /* HeaderView+Rx.swift */; };
		40F63F7B20BAE7C6007E0328 /* MockLocalStorage.swift in Sources */ = {isa = PBXBuildFile; fileRef = 40F63F7A20BAE7C6007E0328 /* MockLocalStorage.swift */; };
		626A356D802BA04F15EF2C0A /* Pods_InstaNorrisTests.framework in Frameworks */ = {isa = PBXBuildFile; fileRef = CAE77A4F49C701B10B4FE1A7 /* Pods_InstaNorrisTests.framework */; };
		E123DA4ACB802F70168853F9 /* Pods_InstaNorris.framework in Frameworks */ = {isa = PBXBuildFile; fileRef = 73CA89E0A059D94CD92D2FD3 /* Pods_InstaNorris.framework */; };
/* End PBXBuildFile section */

/* Begin PBXContainerItemProxy section */
		405D448C2098C16000160077 /* PBXContainerItemProxy */ = {
			isa = PBXContainerItemProxy;
			containerPortal = 405D446F2098C16000160077 /* Project object */;
			proxyType = 1;
			remoteGlobalIDString = 405D44762098C16000160077;
			remoteInfo = InstaNorris;
		};
/* End PBXContainerItemProxy section */

/* Begin PBXFileReference section */
		401FBBE7209BA33A00F3B174 /* SearchView.swift */ = {isa = PBXFileReference; lastKnownFileType = sourcecode.swift; path = SearchView.swift; sourceTree = "<group>"; };
		401FBBE8209BA33A00F3B174 /* SearchViewModel.swift */ = {isa = PBXFileReference; lastKnownFileType = sourcecode.swift; path = SearchViewModel.swift; sourceTree = "<group>"; };
		401FBBE9209BA33A00F3B174 /* SearchView.xib */ = {isa = PBXFileReference; lastKnownFileType = file.xib; path = SearchView.xib; sourceTree = "<group>"; };
		401FBBED209BA61A00F3B174 /* Rx+Utils.swift */ = {isa = PBXFileReference; lastKnownFileType = sourcecode.swift; path = "Rx+Utils.swift"; sourceTree = "<group>"; };
		402FA4FD20BD65A4009A5E60 /* OnboardingView.swift */ = {isa = PBXFileReference; fileEncoding = 4; lastKnownFileType = sourcecode.swift; path = OnboardingView.swift; sourceTree = "<group>"; };
		402FA4FF20BD65A4009A5E60 /* OnboardingView.xib */ = {isa = PBXFileReference; fileEncoding = 4; lastKnownFileType = file.xib; path = OnboardingView.xib; sourceTree = "<group>"; };
		402FA50420BD9433009A5E60 /* Coordinator.swift */ = {isa = PBXFileReference; lastKnownFileType = sourcecode.swift; path = Coordinator.swift; sourceTree = "<group>"; };
		402FA50620BD9443009A5E60 /* AppCoordinator.swift */ = {isa = PBXFileReference; lastKnownFileType = sourcecode.swift; path = AppCoordinator.swift; sourceTree = "<group>"; };
		402FA50820BDA146009A5E60 /* LoadingView.swift */ = {isa = PBXFileReference; lastKnownFileType = sourcecode.swift; path = LoadingView.swift; sourceTree = "<group>"; };
		402FA50A20BDA26F009A5E60 /* soda_loader.json */ = {isa = PBXFileReference; fileEncoding = 4; lastKnownFileType = text.json; path = soda_loader.json; sourceTree = "<group>"; };
		402FA50C20BDB7A4009A5E60 /* EmptyView.swift */ = {isa = PBXFileReference; lastKnownFileType = sourcecode.swift; path = EmptyView.swift; sourceTree = "<group>"; };
		402FA50E20BDBBD6009A5E60 /* StartView.swift */ = {isa = PBXFileReference; lastKnownFileType = sourcecode.swift; path = StartView.swift; sourceTree = "<group>"; };
		402FA51020BDBFDB009A5E60 /* ErrorView.swift */ = {isa = PBXFileReference; lastKnownFileType = sourcecode.swift; path = ErrorView.swift; sourceTree = "<group>"; };
		402FA51220BDC199009A5E60 /* ToastView.swift */ = {isa = PBXFileReference; lastKnownFileType = sourcecode.swift; path = ToastView.swift; sourceTree = "<group>"; };
		404B4C8220BC4F6F004830CA /* UIView+Utils.swift */ = {isa = PBXFileReference; lastKnownFileType = sourcecode.swift; path = "UIView+Utils.swift"; sourceTree = "<group>"; };
		404B4C8420BC520C004830CA /* FactItemViewModelSpec.swift */ = {isa = PBXFileReference; lastKnownFileType = sourcecode.swift; path = FactItemViewModelSpec.swift; sourceTree = "<group>"; };
		404C80F320BB6ACA00C36D65 /* NorrisResponse+Rx.swift */ = {isa = PBXFileReference; lastKnownFileType = sourcecode.swift; path = "NorrisResponse+Rx.swift"; sourceTree = "<group>"; };
		405D44772098C16000160077 /* InstaNorris.app */ = {isa = PBXFileReference; explicitFileType = wrapper.application; includeInIndex = 0; path = InstaNorris.app; sourceTree = BUILT_PRODUCTS_DIR; };
		405D448B2098C16000160077 /* InstaNorrisTests.xctest */ = {isa = PBXFileReference; explicitFileType = wrapper.cfbundle; includeInIndex = 0; path = InstaNorrisTests.xctest; sourceTree = BUILT_PRODUCTS_DIR; };
		405D44912098C16000160077 /* Info.plist */ = {isa = PBXFileReference; lastKnownFileType = text.plist.xml; path = Info.plist; sourceTree = "<group>"; };
		405D44A42098D54B00160077 /* Base */ = {isa = PBXFileReference; lastKnownFileType = file.storyboard; name = Base; path = Base.lproj/LaunchScreen.storyboard; sourceTree = "<group>"; };
		405D44A62098D56200160077 /* Info.plist */ = {isa = PBXFileReference; fileEncoding = 4; lastKnownFileType = text.plist.xml; path = Info.plist; sourceTree = "<group>"; };
		405D44A72098D56200160077 /* AppDelegate.swift */ = {isa = PBXFileReference; fileEncoding = 4; lastKnownFileType = sourcecode.swift; path = AppDelegate.swift; sourceTree = "<group>"; };
		405D44AB2098D58E00160077 /* DefaultContainer.swift */ = {isa = PBXFileReference; fileEncoding = 4; lastKnownFileType = sourcecode.swift; path = DefaultContainer.swift; sourceTree = "<group>"; };
		405D44B52098D62700160077 /* MainView.xib */ = {isa = PBXFileReference; fileEncoding = 4; lastKnownFileType = file.xib; path = MainView.xib; sourceTree = "<group>"; };
		405D44B62098D62800160077 /* MainViewModel.swift */ = {isa = PBXFileReference; fileEncoding = 4; lastKnownFileType = sourcecode.swift; path = MainViewModel.swift; sourceTree = "<group>"; };
		405D44B72098D62800160077 /* MainView.swift */ = {isa = PBXFileReference; fileEncoding = 4; lastKnownFileType = sourcecode.swift; path = MainView.swift; sourceTree = "<group>"; };
		405D44BB2098D63700160077 /* NorrisRepositoryImpl.swift */ = {isa = PBXFileReference; fileEncoding = 4; lastKnownFileType = sourcecode.swift; path = NorrisRepositoryImpl.swift; sourceTree = "<group>"; };
		405D44BC2098D63700160077 /* NorrisRepository.swift */ = {isa = PBXFileReference; fileEncoding = 4; lastKnownFileType = sourcecode.swift; path = NorrisRepository.swift; sourceTree = "<group>"; };
		405D44BF2098D63E00160077 /* Assets.xcassets */ = {isa = PBXFileReference; lastKnownFileType = folder.assetcatalog; path = Assets.xcassets; sourceTree = "<group>"; };
		405D44C12098D64800160077 /* NorrisService.swift */ = {isa = PBXFileReference; fileEncoding = 4; lastKnownFileType = sourcecode.swift; path = NorrisService.swift; sourceTree = "<group>"; };
		405D44C22098D64800160077 /* Constants.swift */ = {isa = PBXFileReference; fileEncoding = 4; lastKnownFileType = sourcecode.swift; path = Constants.swift; sourceTree = "<group>"; };
		405D44C32098D64800160077 /* NorrisRouter.swift */ = {isa = PBXFileReference; fileEncoding = 4; lastKnownFileType = sourcecode.swift; path = NorrisRouter.swift; sourceTree = "<group>"; };
		405D44C42098D64800160077 /* NorrisServiceImpl.swift */ = {isa = PBXFileReference; fileEncoding = 4; lastKnownFileType = sourcecode.swift; path = NorrisServiceImpl.swift; sourceTree = "<group>"; };
		405D44C92098D64D00160077 /* Networking+Utils.swift */ = {isa = PBXFileReference; fileEncoding = 4; lastKnownFileType = sourcecode.swift; path = "Networking+Utils.swift"; sourceTree = "<group>"; };
		405D44CD2098D7BF00160077 /* MockNorrisService.swift */ = {isa = PBXFileReference; fileEncoding = 4; lastKnownFileType = sourcecode.swift; path = MockNorrisService.swift; sourceTree = "<group>"; };
		405D44CF2098D7CD00160077 /* NorrisRepositorySpec.swift */ = {isa = PBXFileReference; fileEncoding = 4; lastKnownFileType = sourcecode.swift; path = NorrisRepositorySpec.swift; sourceTree = "<group>"; };
		40696EBF20BC301100137E48 /* RandomImage.swift */ = {isa = PBXFileReference; lastKnownFileType = sourcecode.swift; path = RandomImage.swift; sourceTree = "<group>"; };
		40696EC120BC30B100137E48 /* Random+Utils.swift */ = {isa = PBXFileReference; lastKnownFileType = sourcecode.swift; path = "Random+Utils.swift"; sourceTree = "<group>"; };
		40696EC320BC3DBF00137E48 /* UILabel+Rx.swift */ = {isa = PBXFileReference; lastKnownFileType = sourcecode.swift; path = "UILabel+Rx.swift"; sourceTree = "<group>"; };
		407A2ABE20B85A5000FCC2D1 /* SearchViewModelSpec.swift */ = {isa = PBXFileReference; lastKnownFileType = sourcecode.swift; path = SearchViewModelSpec.swift; sourceTree = "<group>"; };
		408542A320B38CF10067B39B /* Array+Utils.swift */ = {isa = PBXFileReference; lastKnownFileType = sourcecode.swift; path = "Array+Utils.swift"; sourceTree = "<group>"; };
		408542A520B3B20E0067B39B /* RandomSampleSpec.swift */ = {isa = PBXFileReference; lastKnownFileType = sourcecode.swift; path = RandomSampleSpec.swift; sourceTree = "<group>"; };
		408606D020AF22CC00258B7A /* MockNorrisRepository.swift */ = {isa = PBXFileReference; lastKnownFileType = sourcecode.swift; path = MockNorrisRepository.swift; sourceTree = "<group>"; };
		40943D2B20BD599E00E0A802 /* StateView.swift */ = {isa = PBXFileReference; lastKnownFileType = sourcecode.swift; path = StateView.swift; sourceTree = "<group>"; };
		40943D2D20BD5F4100E0A802 /* StateView+Rx.swift */ = {isa = PBXFileReference; lastKnownFileType = sourcecode.swift; path = "StateView+Rx.swift"; sourceTree = "<group>"; };
		40A0B6B920AE6E1A00FFFE6F /* KIF+Utils.swift */ = {isa = PBXFileReference; lastKnownFileType = sourcecode.swift; path = "KIF+Utils.swift"; sourceTree = "<group>"; };
		40A3701820B4801800D2F469 /* LocalStorage.swift */ = {isa = PBXFileReference; lastKnownFileType = sourcecode.swift; path = LocalStorage.swift; sourceTree = "<group>"; };
		40A3701B20B4810E00D2F469 /* LocalStorageImpl.swift */ = {isa = PBXFileReference; lastKnownFileType = sourcecode.swift; path = LocalStorageImpl.swift; sourceTree = "<group>"; };
		40A3702320B4D56400D2F469 /* LocalStorageSpec.swift */ = {isa = PBXFileReference; lastKnownFileType = sourcecode.swift; path = LocalStorageSpec.swift; sourceTree = "<group>"; };
		40BCC7B52098F1D3009279FA /* SearchResponse.swift */ = {isa = PBXFileReference; lastKnownFileType = sourcecode.swift; path = SearchResponse.swift; sourceTree = "<group>"; };
		40BCC7B72098F1F7009279FA /* Fact.swift */ = {isa = PBXFileReference; lastKnownFileType = sourcecode.swift; path = Fact.swift; sourceTree = "<group>"; };
		40BCC7B92098F982009279FA /* HeaderView.swift */ = {isa = PBXFileReference; lastKnownFileType = sourcecode.swift; path = HeaderView.swift; sourceTree = "<group>"; };
		40BCC7BB2098FBE7009279FA /* NSObject+Rx.swift */ = {isa = PBXFileReference; lastKnownFileType = sourcecode.swift; path = "NSObject+Rx.swift"; sourceTree = "<group>"; };
		40BCC7BD2098FC08009279FA /* UIView+Constraints.swift */ = {isa = PBXFileReference; lastKnownFileType = sourcecode.swift; path = "UIView+Constraints.swift"; sourceTree = "<group>"; };
		40BCC7C0209AB34A009279FA /* FactCell.xib */ = {isa = PBXFileReference; lastKnownFileType = file.xib; path = FactCell.xib; sourceTree = "<group>"; };
		40BCC7C2209AB36B009279FA /* FactCell.swift */ = {isa = PBXFileReference; lastKnownFileType = sourcecode.swift; path = FactCell.swift; sourceTree = "<group>"; };
		40BCC7C4209AB3AF009279FA /* FactViewModel.swift */ = {isa = PBXFileReference; lastKnownFileType = sourcecode.swift; path = FactViewModel.swift; sourceTree = "<group>"; };
		40C22EA420ABA46D0032FB70 /* CloudTagView.swift */ = {isa = PBXFileReference; lastKnownFileType = sourcecode.swift; path = CloudTagView.swift; sourceTree = "<group>"; };
		40C3FC9B20BCF89300072FE5 /* MainViewModelSpec.swift */ = {isa = PBXFileReference; lastKnownFileType = sourcecode.swift; path = MainViewModelSpec.swift; sourceTree = "<group>"; };
		40C4827A20AE438D00A12282 /* String+Utils.swift */ = {isa = PBXFileReference; lastKnownFileType = sourcecode.swift; path = "String+Utils.swift"; sourceTree = "<group>"; };
		40C4827C20AE4B4B00A12282 /* CloudTagView+Rx.swift */ = {isa = PBXFileReference; lastKnownFileType = sourcecode.swift; path = "CloudTagView+Rx.swift"; sourceTree = "<group>"; };
		40C4827F20AE4D2C00A12282 /* CloudTagViewSpec.swift */ = {isa = PBXFileReference; lastKnownFileType = sourcecode.swift; path = CloudTagViewSpec.swift; sourceTree = "<group>"; };
		40C4828220AE4E3800A12282 /* BaseUITest.swift */ = {isa = PBXFileReference; lastKnownFileType = sourcecode.swift; path = BaseUITest.swift; sourceTree = "<group>"; };
		40C4828420AE5AE500A12282 /* BaseUITests+Utils.swift */ = {isa = PBXFileReference; lastKnownFileType = sourcecode.swift; path = "BaseUITests+Utils.swift"; sourceTree = "<group>"; };
		40DA7BC9209AB5660016B326 /* UIColor+Utils.swift */ = {isa = PBXFileReference; lastKnownFileType = sourcecode.swift; path = "UIColor+Utils.swift"; sourceTree = "<group>"; };
		40DA7BCF209B3E2F0016B326 /* UITextFIeld+Utils.swift */ = {isa = PBXFileReference; lastKnownFileType = sourcecode.swift; path = "UITextFIeld+Utils.swift"; sourceTree = "<group>"; };
		40DA7BD1209B3FF40016B326 /* R.generated.swift */ = {isa = PBXFileReference; fileEncoding = 4; lastKnownFileType = sourcecode.swift; path = R.generated.swift; sourceTree = SOURCE_ROOT; };
		40DA7BF1209B4BD10016B326 /* HeaderView+Rx.swift */ = {isa = PBXFileReference; lastKnownFileType = sourcecode.swift; path = "HeaderView+Rx.swift"; sourceTree = "<group>"; };
		40F63F7A20BAE7C6007E0328 /* MockLocalStorage.swift */ = {isa = PBXFileReference; lastKnownFileType = sourcecode.swift; path = MockLocalStorage.swift; sourceTree = "<group>"; };
		44DB4F89243AFA231A1D36F9 /* Pods-InstaNorris.release.xcconfig */ = {isa = PBXFileReference; includeInIndex = 1; lastKnownFileType = text.xcconfig; name = "Pods-InstaNorris.release.xcconfig"; path = "Pods/Target Support Files/Pods-InstaNorris/Pods-InstaNorris.release.xcconfig"; sourceTree = "<group>"; };
		73CA89E0A059D94CD92D2FD3 /* Pods_InstaNorris.framework */ = {isa = PBXFileReference; explicitFileType = wrapper.framework; includeInIndex = 0; path = Pods_InstaNorris.framework; sourceTree = BUILT_PRODUCTS_DIR; };
		8CDA602A63EB08B8C09599D1 /* Pods-InstaNorris.debug.xcconfig */ = {isa = PBXFileReference; includeInIndex = 1; lastKnownFileType = text.xcconfig; name = "Pods-InstaNorris.debug.xcconfig"; path = "Pods/Target Support Files/Pods-InstaNorris/Pods-InstaNorris.debug.xcconfig"; sourceTree = "<group>"; };
		8E5F55B92C6D20B8ED3BFCC5 /* Pods-InstaNorrisTests.release.xcconfig */ = {isa = PBXFileReference; includeInIndex = 1; lastKnownFileType = text.xcconfig; name = "Pods-InstaNorrisTests.release.xcconfig"; path = "Pods/Target Support Files/Pods-InstaNorrisTests/Pods-InstaNorrisTests.release.xcconfig"; sourceTree = "<group>"; };
		CAE77A4F49C701B10B4FE1A7 /* Pods_InstaNorrisTests.framework */ = {isa = PBXFileReference; explicitFileType = wrapper.framework; includeInIndex = 0; path = Pods_InstaNorrisTests.framework; sourceTree = BUILT_PRODUCTS_DIR; };
		D7B63B94BF2DC9A975189D53 /* Pods-InstaNorrisTests.debug.xcconfig */ = {isa = PBXFileReference; includeInIndex = 1; lastKnownFileType = text.xcconfig; name = "Pods-InstaNorrisTests.debug.xcconfig"; path = "Pods/Target Support Files/Pods-InstaNorrisTests/Pods-InstaNorrisTests.debug.xcconfig"; sourceTree = "<group>"; };
/* End PBXFileReference section */

/* Begin PBXFrameworksBuildPhase section */
		405D44742098C16000160077 /* Frameworks */ = {
			isa = PBXFrameworksBuildPhase;
			buildActionMask = 2147483647;
			files = (
				E123DA4ACB802F70168853F9 /* Pods_InstaNorris.framework in Frameworks */,
			);
			runOnlyForDeploymentPostprocessing = 0;
		};
		405D44882098C16000160077 /* Frameworks */ = {
			isa = PBXFrameworksBuildPhase;
			buildActionMask = 2147483647;
			files = (
				626A356D802BA04F15EF2C0A /* Pods_InstaNorrisTests.framework in Frameworks */,
			);
			runOnlyForDeploymentPostprocessing = 0;
		};
/* End PBXFrameworksBuildPhase section */

/* Begin PBXGroup section */
		4012A04820BD64D300FEEBF6 /* Onboarding */ = {
			isa = PBXGroup;
			children = (
				402FA4FD20BD65A4009A5E60 /* OnboardingView.swift */,
				402FA4FF20BD65A4009A5E60 /* OnboardingView.xib */,
			);
			path = Onboarding;
			sourceTree = "<group>";
		};
		401FBBE6209BA31100F3B174 /* Search */ = {
			isa = PBXGroup;
			children = (
				401FBBE7209BA33A00F3B174 /* SearchView.swift */,
				401FBBE8209BA33A00F3B174 /* SearchViewModel.swift */,
				401FBBE9209BA33A00F3B174 /* SearchView.xib */,
			);
			path = Search;
			sourceTree = "<group>";
		};
		402FA50320BD940D009A5E60 /* Coordinator */ = {
			isa = PBXGroup;
			children = (
				402FA50420BD9433009A5E60 /* Coordinator.swift */,
				402FA50620BD9443009A5E60 /* AppCoordinator.swift */,
			);
			path = Coordinator;
			sourceTree = "<group>";
		};
		405D446E2098C16000160077 = {
			isa = PBXGroup;
			children = (
				405D44792098C16000160077 /* InstaNorris */,
				405D448E2098C16000160077 /* InstaNorrisTests */,
				405D44782098C16000160077 /* Products */,
				65ACD68DBF8AE5A66E7B9487 /* Pods */,
				CBBA5B08448434373C23C642 /* Frameworks */,
			);
			sourceTree = "<group>";
		};
		405D44782098C16000160077 /* Products */ = {
			isa = PBXGroup;
			children = (
				405D44772098C16000160077 /* InstaNorris.app */,
				405D448B2098C16000160077 /* InstaNorrisTests.xctest */,
			);
			name = Products;
			sourceTree = "<group>";
		};
		405D44792098C16000160077 /* InstaNorris */ = {
			isa = PBXGroup;
			children = (
				402FA50320BD940D009A5E60 /* Coordinator */,
				40A3701A20B4802100D2F469 /* Storage */,
				405D44D12098D98300160077 /* Model */,
				405D44B32098D5D200160077 /* Utils */,
				405D44B22098D5CD00160077 /* Service */,
				405D44B12098D5C500160077 /* RxExtensions */,
				405D44B02098D5BF00160077 /* Resources */,
				405D44AF2098D5B700160077 /* Repositories */,
				405D44AE2098D5AC00160077 /* Modules */,
				405D44AD2098D5A600160077 /* Components */,
				405D44AA2098D58300160077 /* Container */,
				405D44A72098D56200160077 /* AppDelegate.swift */,
				405D44A62098D56200160077 /* Info.plist */,
				405D44A32098D54B00160077 /* LaunchScreen.storyboard */,
			);
			path = InstaNorris;
			sourceTree = "<group>";
		};
		405D448E2098C16000160077 /* InstaNorrisTests */ = {
			isa = PBXGroup;
			children = (
				407A2ABD20B859AB00FCC2D1 /* Modules */,
				40A3702220B4D52400D2F469 /* Storage */,
				40C4828620AE5AE800A12282 /* Utils */,
				40C4828120AE4E2C00A12282 /* UITests */,
				40C4827E20AE4D1E00A12282 /* Components */,
				405D44CC2098D7AE00160077 /* Repository */,
				405D44CB2098D7A700160077 /* Mock */,
				405D44912098C16000160077 /* Info.plist */,
			);
			path = InstaNorrisTests;
			sourceTree = "<group>";
		};
		405D44AA2098D58300160077 /* Container */ = {
			isa = PBXGroup;
			children = (
				405D44AB2098D58E00160077 /* DefaultContainer.swift */,
			);
			path = Container;
			sourceTree = "<group>";
		};
		405D44AD2098D5A600160077 /* Components */ = {
			isa = PBXGroup;
			children = (
				40943D2A20BD598A00E0A802 /* ViewStates */,
				40BCC7B92098F982009279FA /* HeaderView.swift */,
				40C22EA420ABA46D0032FB70 /* CloudTagView.swift */,
				40943D2B20BD599E00E0A802 /* StateView.swift */,
				402FA51220BDC199009A5E60 /* ToastView.swift */,
			);
			path = Components;
			sourceTree = "<group>";
		};
		405D44AE2098D5AC00160077 /* Modules */ = {
			isa = PBXGroup;
			children = (
				4012A04820BD64D300FEEBF6 /* Onboarding */,
				401FBBE6209BA31100F3B174 /* Search */,
				405D44B42098D61F00160077 /* Main */,
			);
			path = Modules;
			sourceTree = "<group>";
		};
		405D44AF2098D5B700160077 /* Repositories */ = {
			isa = PBXGroup;
			children = (
				405D44BC2098D63700160077 /* NorrisRepository.swift */,
				405D44BB2098D63700160077 /* NorrisRepositoryImpl.swift */,
			);
			path = Repositories;
			sourceTree = "<group>";
		};
		405D44B02098D5BF00160077 /* Resources */ = {
			isa = PBXGroup;
			children = (
				402FA50A20BDA26F009A5E60 /* soda_loader.json */,
				40DA7BD1209B3FF40016B326 /* R.generated.swift */,
				405D44BF2098D63E00160077 /* Assets.xcassets */,
				40696EBF20BC301100137E48 /* RandomImage.swift */,
			);
			path = Resources;
			sourceTree = "<group>";
		};
		405D44B12098D5C500160077 /* RxExtensions */ = {
			isa = PBXGroup;
			children = (
				40BCC7BB2098FBE7009279FA /* NSObject+Rx.swift */,
				40DA7BF1209B4BD10016B326 /* HeaderView+Rx.swift */,
				401FBBED209BA61A00F3B174 /* Rx+Utils.swift */,
				40C4827C20AE4B4B00A12282 /* CloudTagView+Rx.swift */,
				404C80F320BB6ACA00C36D65 /* NorrisResponse+Rx.swift */,
				40696EC320BC3DBF00137E48 /* UILabel+Rx.swift */,
				40943D2D20BD5F4100E0A802 /* StateView+Rx.swift */,
			);
			path = RxExtensions;
			sourceTree = "<group>";
		};
		405D44B22098D5CD00160077 /* Service */ = {
			isa = PBXGroup;
			children = (
				405D44C32098D64800160077 /* NorrisRouter.swift */,
				405D44C12098D64800160077 /* NorrisService.swift */,
				405D44C42098D64800160077 /* NorrisServiceImpl.swift */,
			);
			path = Service;
			sourceTree = "<group>";
		};
		405D44B32098D5D200160077 /* Utils */ = {
			isa = PBXGroup;
			children = (
				405D44C22098D64800160077 /* Constants.swift */,
				405D44C92098D64D00160077 /* Networking+Utils.swift */,
				40BCC7BD2098FC08009279FA /* UIView+Constraints.swift */,
				40DA7BC9209AB5660016B326 /* UIColor+Utils.swift */,
				40DA7BCF209B3E2F0016B326 /* UITextFIeld+Utils.swift */,
				40C4827A20AE438D00A12282 /* String+Utils.swift */,
				408542A320B38CF10067B39B /* Array+Utils.swift */,
				40696EC120BC30B100137E48 /* Random+Utils.swift */,
				404B4C8220BC4F6F004830CA /* UIView+Utils.swift */,
			);
			path = Utils;
			sourceTree = "<group>";
		};
		405D44B42098D61F00160077 /* Main */ = {
			isa = PBXGroup;
			children = (
				40BCC7BF209AB32F009279FA /* FactCell */,
				405D44B72098D62800160077 /* MainView.swift */,
				405D44B52098D62700160077 /* MainView.xib */,
				405D44B62098D62800160077 /* MainViewModel.swift */,
			);
			path = Main;
			sourceTree = "<group>";
		};
		405D44CB2098D7A700160077 /* Mock */ = {
			isa = PBXGroup;
			children = (
				405D44CD2098D7BF00160077 /* MockNorrisService.swift */,
				408606D020AF22CC00258B7A /* MockNorrisRepository.swift */,
				40F63F7A20BAE7C6007E0328 /* MockLocalStorage.swift */,
			);
			path = Mock;
			sourceTree = "<group>";
		};
		405D44CC2098D7AE00160077 /* Repository */ = {
			isa = PBXGroup;
			children = (
				405D44CF2098D7CD00160077 /* NorrisRepositorySpec.swift */,
			);
			path = Repository;
			sourceTree = "<group>";
		};
		405D44D12098D98300160077 /* Model */ = {
			isa = PBXGroup;
			children = (
				40BCC7B52098F1D3009279FA /* SearchResponse.swift */,
				40BCC7B72098F1F7009279FA /* Fact.swift */,
			);
			path = Model;
			sourceTree = "<group>";
		};
		407A2ABD20B859AB00FCC2D1 /* Modules */ = {
			isa = PBXGroup;
			children = (
				407A2ABE20B85A5000FCC2D1 /* SearchViewModelSpec.swift */,
				404B4C8420BC520C004830CA /* FactItemViewModelSpec.swift */,
				40C3FC9B20BCF89300072FE5 /* MainViewModelSpec.swift */,
			);
			path = Modules;
			sourceTree = "<group>";
		};
		40943D2A20BD598A00E0A802 /* ViewStates */ = {
			isa = PBXGroup;
			children = (
				402FA50820BDA146009A5E60 /* LoadingView.swift */,
				402FA50C20BDB7A4009A5E60 /* EmptyView.swift */,
				402FA50E20BDBBD6009A5E60 /* StartView.swift */,
				402FA51020BDBFDB009A5E60 /* ErrorView.swift */,
			);
			path = ViewStates;
			sourceTree = "<group>";
		};
		40A3701A20B4802100D2F469 /* Storage */ = {
			isa = PBXGroup;
			children = (
				40A3701820B4801800D2F469 /* LocalStorage.swift */,
				40A3701B20B4810E00D2F469 /* LocalStorageImpl.swift */,
			);
			path = Storage;
			sourceTree = "<group>";
		};
		40A3702220B4D52400D2F469 /* Storage */ = {
			isa = PBXGroup;
			children = (
				40A3702320B4D56400D2F469 /* LocalStorageSpec.swift */,
			);
			path = Storage;
			sourceTree = "<group>";
		};
		40BCC7BF209AB32F009279FA /* FactCell */ = {
			isa = PBXGroup;
			children = (
				40BCC7C0209AB34A009279FA /* FactCell.xib */,
				40BCC7C2209AB36B009279FA /* FactCell.swift */,
				40BCC7C4209AB3AF009279FA /* FactViewModel.swift */,
			);
			path = FactCell;
			sourceTree = "<group>";
		};
		40C4827E20AE4D1E00A12282 /* Components */ = {
			isa = PBXGroup;
			children = (
				40C4827F20AE4D2C00A12282 /* CloudTagViewSpec.swift */,
			);
			path = Components;
			sourceTree = "<group>";
		};
		40C4828120AE4E2C00A12282 /* UITests */ = {
			isa = PBXGroup;
			children = (
				40C4828220AE4E3800A12282 /* BaseUITest.swift */,
			);
			path = UITests;
			sourceTree = "<group>";
		};
		40C4828620AE5AE800A12282 /* Utils */ = {
			isa = PBXGroup;
			children = (
				40C4828420AE5AE500A12282 /* BaseUITests+Utils.swift */,
				40A0B6B920AE6E1A00FFFE6F /* KIF+Utils.swift */,
				408542A520B3B20E0067B39B /* RandomSampleSpec.swift */,
			);
			path = Utils;
			sourceTree = "<group>";
		};
		65ACD68DBF8AE5A66E7B9487 /* Pods */ = {
			isa = PBXGroup;
			children = (
				8CDA602A63EB08B8C09599D1 /* Pods-InstaNorris.debug.xcconfig */,
				44DB4F89243AFA231A1D36F9 /* Pods-InstaNorris.release.xcconfig */,
				D7B63B94BF2DC9A975189D53 /* Pods-InstaNorrisTests.debug.xcconfig */,
				8E5F55B92C6D20B8ED3BFCC5 /* Pods-InstaNorrisTests.release.xcconfig */,
			);
			name = Pods;
			sourceTree = "<group>";
		};
		CBBA5B08448434373C23C642 /* Frameworks */ = {
			isa = PBXGroup;
			children = (
				73CA89E0A059D94CD92D2FD3 /* Pods_InstaNorris.framework */,
				CAE77A4F49C701B10B4FE1A7 /* Pods_InstaNorrisTests.framework */,
			);
			name = Frameworks;
			sourceTree = "<group>";
		};
/* End PBXGroup section */

/* Begin PBXNativeTarget section */
		405D44762098C16000160077 /* InstaNorris */ = {
			isa = PBXNativeTarget;
			buildConfigurationList = 405D44942098C16000160077 /* Build configuration list for PBXNativeTarget "InstaNorris" */;
			buildPhases = (
				E0FF4BB9BD703EF1EAD9FBA2 /* [CP] Check Pods Manifest.lock */,
				405D44732098C16000160077 /* Sources */,
				405D44742098C16000160077 /* Frameworks */,
				405D44752098C16000160077 /* Resources */,
				829EFB2D2365104130186814 /* [CP] Embed Pods Frameworks */,
				40DA7BCB209AB8380016B326 /* R.Swift */,
				40DA7BCC209AB8550016B326 /* Swift Lint */,
			);
			buildRules = (
			);
			dependencies = (
			);
			name = InstaNorris;
			productName = InstaNorris;
			productReference = 405D44772098C16000160077 /* InstaNorris.app */;
			productType = "com.apple.product-type.application";
		};
		405D448A2098C16000160077 /* InstaNorrisTests */ = {
			isa = PBXNativeTarget;
			buildConfigurationList = 405D44972098C16000160077 /* Build configuration list for PBXNativeTarget "InstaNorrisTests" */;
			buildPhases = (
				09167340964D83096653818D /* [CP] Check Pods Manifest.lock */,
				405D44872098C16000160077 /* Sources */,
				405D44882098C16000160077 /* Frameworks */,
				405D44892098C16000160077 /* Resources */,
				BA18BD06B6358C270DA60B49 /* [CP] Embed Pods Frameworks */,
			);
			buildRules = (
			);
			dependencies = (
				405D448D2098C16000160077 /* PBXTargetDependency */,
			);
			name = InstaNorrisTests;
			productName = InstaNorrisTests;
			productReference = 405D448B2098C16000160077 /* InstaNorrisTests.xctest */;
			productType = "com.apple.product-type.bundle.unit-test";
		};
/* End PBXNativeTarget section */

/* Begin PBXProject section */
		405D446F2098C16000160077 /* Project object */ = {
			isa = PBXProject;
			attributes = {
				LastSwiftUpdateCheck = 0920;
				LastUpgradeCheck = 0920;
				ORGANIZATIONNAME = "Aline Borges";
				TargetAttributes = {
					405D44762098C16000160077 = {
						CreatedOnToolsVersion = 9.2;
						LastSwiftMigration = 0920;
						ProvisioningStyle = Automatic;
					};
					405D448A2098C16000160077 = {
						CreatedOnToolsVersion = 9.2;
						LastSwiftMigration = 0920;
						ProvisioningStyle = Automatic;
						TestTargetID = 405D44762098C16000160077;
					};
				};
			};
			buildConfigurationList = 405D44722098C16000160077 /* Build configuration list for PBXProject "InstaNorris" */;
			compatibilityVersion = "Xcode 8.0";
			developmentRegion = en;
			hasScannedForEncodings = 0;
			knownRegions = (
				en,
				Base,
			);
			mainGroup = 405D446E2098C16000160077;
			productRefGroup = 405D44782098C16000160077 /* Products */;
			projectDirPath = "";
			projectRoot = "";
			targets = (
				405D44762098C16000160077 /* InstaNorris */,
				405D448A2098C16000160077 /* InstaNorrisTests */,
			);
		};
/* End PBXProject section */

/* Begin PBXResourcesBuildPhase section */
		405D44752098C16000160077 /* Resources */ = {
			isa = PBXResourcesBuildPhase;
			buildActionMask = 2147483647;
			files = (
				405D44B82098D62800160077 /* MainView.xib in Resources */,
				405D44A82098D56200160077 /* Info.plist in Resources */,
				402FA50B20BDA26F009A5E60 /* soda_loader.json in Resources */,
				401FBBEC209BA33A00F3B174 /* SearchView.xib in Resources */,
				402FA50220BD65A5009A5E60 /* OnboardingView.xib in Resources */,
				405D44C02098D63E00160077 /* Assets.xcassets in Resources */,
				40BCC7C1209AB34A009279FA /* FactCell.xib in Resources */,
				405D44A52098D54B00160077 /* LaunchScreen.storyboard in Resources */,
			);
			runOnlyForDeploymentPostprocessing = 0;
		};
		405D44892098C16000160077 /* Resources */ = {
			isa = PBXResourcesBuildPhase;
			buildActionMask = 2147483647;
			files = (
			);
			runOnlyForDeploymentPostprocessing = 0;
		};
/* End PBXResourcesBuildPhase section */

/* Begin PBXShellScriptBuildPhase section */
		09167340964D83096653818D /* [CP] Check Pods Manifest.lock */ = {
			isa = PBXShellScriptBuildPhase;
			buildActionMask = 2147483647;
			files = (
			);
			inputPaths = (
				"${PODS_PODFILE_DIR_PATH}/Podfile.lock",
				"${PODS_ROOT}/Manifest.lock",
			);
			name = "[CP] Check Pods Manifest.lock";
			outputPaths = (
				"$(DERIVED_FILE_DIR)/Pods-InstaNorrisTests-checkManifestLockResult.txt",
			);
			runOnlyForDeploymentPostprocessing = 0;
			shellPath = /bin/sh;
			shellScript = "diff \"${PODS_PODFILE_DIR_PATH}/Podfile.lock\" \"${PODS_ROOT}/Manifest.lock\" > /dev/null\nif [ $? != 0 ] ; then\n    # print error to STDERR\n    echo \"error: The sandbox is not in sync with the Podfile.lock. Run 'pod install' or update your CocoaPods installation.\" >&2\n    exit 1\nfi\n# This output is used by Xcode 'outputs' to avoid re-running this script phase.\necho \"SUCCESS\" > \"${SCRIPT_OUTPUT_FILE_0}\"\n";
			showEnvVarsInLog = 0;
		};
		40DA7BCB209AB8380016B326 /* R.Swift */ = {
			isa = PBXShellScriptBuildPhase;
			buildActionMask = 2147483647;
			files = (
			);
			inputPaths = (
			);
			name = R.Swift;
			outputPaths = (
			);
			runOnlyForDeploymentPostprocessing = 0;
			shellPath = /bin/sh;
			shellScript = "\"$PODS_ROOT/R.swift/rswift\" generate \"$SRCROOT\"";
		};
		40DA7BCC209AB8550016B326 /* Swift Lint */ = {
			isa = PBXShellScriptBuildPhase;
			buildActionMask = 2147483647;
			files = (
			);
			inputPaths = (
			);
			name = "Swift Lint";
			outputPaths = (
			);
			runOnlyForDeploymentPostprocessing = 0;
			shellPath = /bin/sh;
			shellScript = "\"${PODS_ROOT}/SwiftLint/swiftlint\"";
		};
		829EFB2D2365104130186814 /* [CP] Embed Pods Frameworks */ = {
			isa = PBXShellScriptBuildPhase;
			buildActionMask = 2147483647;
			files = (
			);
			inputPaths = (
				"${SRCROOT}/Pods/Target Support Files/Pods-InstaNorris/Pods-InstaNorris-frameworks.sh",
				"${BUILT_PRODUCTS_DIR}/Alamofire/Alamofire.framework",
				"${BUILT_PRODUCTS_DIR}/Moya/Moya.framework",
				"${BUILT_PRODUCTS_DIR}/R.swift.Library/Rswift.framework",
				"${BUILT_PRODUCTS_DIR}/ReachabilitySwift/Reachability.framework",
				"${BUILT_PRODUCTS_DIR}/Result/Result.framework",
				"${BUILT_PRODUCTS_DIR}/Reusable/Reusable.framework",
				"${BUILT_PRODUCTS_DIR}/RxCocoa/RxCocoa.framework",
				"${BUILT_PRODUCTS_DIR}/RxGesture/RxGesture.framework",
				"${BUILT_PRODUCTS_DIR}/RxSwift/RxSwift.framework",
				"${BUILT_PRODUCTS_DIR}/RxSwiftExt/RxSwiftExt.framework",
				"${BUILT_PRODUCTS_DIR}/RxSwiftUtilities/RxSwiftUtilities.framework",
				"${BUILT_PRODUCTS_DIR}/Swinject/Swinject.framework",
				"${BUILT_PRODUCTS_DIR}/lottie-ios/Lottie.framework",
			);
			name = "[CP] Embed Pods Frameworks";
			outputPaths = (
				"${TARGET_BUILD_DIR}/${FRAMEWORKS_FOLDER_PATH}/Alamofire.framework",
				"${TARGET_BUILD_DIR}/${FRAMEWORKS_FOLDER_PATH}/Moya.framework",
				"${TARGET_BUILD_DIR}/${FRAMEWORKS_FOLDER_PATH}/Rswift.framework",
				"${TARGET_BUILD_DIR}/${FRAMEWORKS_FOLDER_PATH}/Reachability.framework",
				"${TARGET_BUILD_DIR}/${FRAMEWORKS_FOLDER_PATH}/Result.framework",
				"${TARGET_BUILD_DIR}/${FRAMEWORKS_FOLDER_PATH}/Reusable.framework",
				"${TARGET_BUILD_DIR}/${FRAMEWORKS_FOLDER_PATH}/RxCocoa.framework",
				"${TARGET_BUILD_DIR}/${FRAMEWORKS_FOLDER_PATH}/RxGesture.framework",
				"${TARGET_BUILD_DIR}/${FRAMEWORKS_FOLDER_PATH}/RxSwift.framework",
				"${TARGET_BUILD_DIR}/${FRAMEWORKS_FOLDER_PATH}/RxSwiftExt.framework",
				"${TARGET_BUILD_DIR}/${FRAMEWORKS_FOLDER_PATH}/RxSwiftUtilities.framework",
				"${TARGET_BUILD_DIR}/${FRAMEWORKS_FOLDER_PATH}/Swinject.framework",
				"${TARGET_BUILD_DIR}/${FRAMEWORKS_FOLDER_PATH}/Lottie.framework",
			);
			runOnlyForDeploymentPostprocessing = 0;
			shellPath = /bin/sh;
			shellScript = "\"${SRCROOT}/Pods/Target Support Files/Pods-InstaNorris/Pods-InstaNorris-frameworks.sh\"\n";
			showEnvVarsInLog = 0;
		};
		BA18BD06B6358C270DA60B49 /* [CP] Embed Pods Frameworks */ = {
			isa = PBXShellScriptBuildPhase;
			buildActionMask = 2147483647;
			files = (
			);
			inputPaths = (
				"${SRCROOT}/Pods/Target Support Files/Pods-InstaNorrisTests/Pods-InstaNorrisTests-frameworks.sh",
				"${BUILT_PRODUCTS_DIR}/RxSwift/RxSwift.framework",
				"${BUILT_PRODUCTS_DIR}/KIF/KIF.framework",
				"${BUILT_PRODUCTS_DIR}/Nimble/Nimble.framework",
				"${BUILT_PRODUCTS_DIR}/Quick/Quick.framework",
				"${BUILT_PRODUCTS_DIR}/RxBlocking/RxBlocking.framework",
			);
			name = "[CP] Embed Pods Frameworks";
			outputPaths = (
				"${TARGET_BUILD_DIR}/${FRAMEWORKS_FOLDER_PATH}/RxSwift.framework",
				"${TARGET_BUILD_DIR}/${FRAMEWORKS_FOLDER_PATH}/KIF.framework",
				"${TARGET_BUILD_DIR}/${FRAMEWORKS_FOLDER_PATH}/Nimble.framework",
				"${TARGET_BUILD_DIR}/${FRAMEWORKS_FOLDER_PATH}/Quick.framework",
				"${TARGET_BUILD_DIR}/${FRAMEWORKS_FOLDER_PATH}/RxBlocking.framework",
			);
			runOnlyForDeploymentPostprocessing = 0;
			shellPath = /bin/sh;
			shellScript = "\"${SRCROOT}/Pods/Target Support Files/Pods-InstaNorrisTests/Pods-InstaNorrisTests-frameworks.sh\"\n";
			showEnvVarsInLog = 0;
		};
		E0FF4BB9BD703EF1EAD9FBA2 /* [CP] Check Pods Manifest.lock */ = {
			isa = PBXShellScriptBuildPhase;
			buildActionMask = 2147483647;
			files = (
			);
			inputPaths = (
				"${PODS_PODFILE_DIR_PATH}/Podfile.lock",
				"${PODS_ROOT}/Manifest.lock",
			);
			name = "[CP] Check Pods Manifest.lock";
			outputPaths = (
				"$(DERIVED_FILE_DIR)/Pods-InstaNorris-checkManifestLockResult.txt",
			);
			runOnlyForDeploymentPostprocessing = 0;
			shellPath = /bin/sh;
			shellScript = "diff \"${PODS_PODFILE_DIR_PATH}/Podfile.lock\" \"${PODS_ROOT}/Manifest.lock\" > /dev/null\nif [ $? != 0 ] ; then\n    # print error to STDERR\n    echo \"error: The sandbox is not in sync with the Podfile.lock. Run 'pod install' or update your CocoaPods installation.\" >&2\n    exit 1\nfi\n# This output is used by Xcode 'outputs' to avoid re-running this script phase.\necho \"SUCCESS\" > \"${SCRIPT_OUTPUT_FILE_0}\"\n";
			showEnvVarsInLog = 0;
		};
/* End PBXShellScriptBuildPhase section */

/* Begin PBXSourcesBuildPhase section */
		405D44732098C16000160077 /* Sources */ = {
			isa = PBXSourcesBuildPhase;
			buildActionMask = 2147483647;
			files = (
				40BCC7B82098F1F7009279FA /* Fact.swift in Sources */,
				405D44A92098D56200160077 /* AppDelegate.swift in Sources */,
				402FA50520BD9433009A5E60 /* Coordinator.swift in Sources */,
				40DA7BD0209B3E2F0016B326 /* UITextFIeld+Utils.swift in Sources */,
				405D44C72098D64800160077 /* NorrisRouter.swift in Sources */,
				405D44CA2098D64D00160077 /* Networking+Utils.swift in Sources */,
				405D44C82098D64800160077 /* NorrisServiceImpl.swift in Sources */,
				40BCC7C5209AB3AF009279FA /* FactViewModel.swift in Sources */,
				40696EC420BC3DBF00137E48 /* UILabel+Rx.swift in Sources */,
				40696EC020BC301100137E48 /* RandomImage.swift in Sources */,
				40BCC7C3209AB36B009279FA /* FactCell.swift in Sources */,
				40DA7BD2209B3FF40016B326 /* R.generated.swift in Sources */,
				402FA50720BD9443009A5E60 /* AppCoordinator.swift in Sources */,
				402FA50020BD65A5009A5E60 /* OnboardingView.swift in Sources */,
				402FA50920BDA146009A5E60 /* LoadingView.swift in Sources */,
				405D44BA2098D62800160077 /* MainView.swift in Sources */,
				405D44BE2098D63700160077 /* NorrisRepository.swift in Sources */,
				405D44AC2098D58E00160077 /* DefaultContainer.swift in Sources */,
				405D44B92098D62800160077 /* MainViewModel.swift in Sources */,
				401FBBEA209BA33A00F3B174 /* SearchView.swift in Sources */,
				40C4827B20AE438D00A12282 /* String+Utils.swift in Sources */,
				405D44BD2098D63700160077 /* NorrisRepositoryImpl.swift in Sources */,
				40C22EA520ABA46D0032FB70 /* CloudTagView.swift in Sources */,
				405D44C52098D64800160077 /* NorrisService.swift in Sources */,
				40BCC7B62098F1D3009279FA /* SearchResponse.swift in Sources */,
				404C80F420BB6ACA00C36D65 /* NorrisResponse+Rx.swift in Sources */,
				40C4827D20AE4B4B00A12282 /* CloudTagView+Rx.swift in Sources */,
				402FA50F20BDBBD6009A5E60 /* StartView.swift in Sources */,
				402FA51120BDBFDB009A5E60 /* ErrorView.swift in Sources */,
				40696EC220BC30B200137E48 /* Random+Utils.swift in Sources */,
				40943D2E20BD5F4100E0A802 /* StateView+Rx.swift in Sources */,
				402FA51320BDC199009A5E60 /* ToastView.swift in Sources */,
				401FBBEE209BA61A00F3B174 /* Rx+Utils.swift in Sources */,
				40A3701920B4801800D2F469 /* LocalStorage.swift in Sources */,
				405D44C62098D64800160077 /* Constants.swift in Sources */,
				401FBBEB209BA33A00F3B174 /* SearchViewModel.swift in Sources */,
				40DA7BF2209B4BD10016B326 /* HeaderView+Rx.swift in Sources */,
				408542A420B38CF10067B39B /* Array+Utils.swift in Sources */,
				40943D2C20BD599E00E0A802 /* StateView.swift in Sources */,
				40BCC7BA2098F982009279FA /* HeaderView.swift in Sources */,
				40BCC7BC2098FBE7009279FA /* NSObject+Rx.swift in Sources */,
				40BCC7BE2098FC08009279FA /* UIView+Constraints.swift in Sources */,
				402FA50D20BDB7A4009A5E60 /* EmptyView.swift in Sources */,
				40DA7BCA209AB5660016B326 /* UIColor+Utils.swift in Sources */,
				404B4C8320BC4F6F004830CA /* UIView+Utils.swift in Sources */,
				40A3701C20B4810E00D2F469 /* LocalStorageImpl.swift in Sources */,
			);
			runOnlyForDeploymentPostprocessing = 0;
		};
		405D44872098C16000160077 /* Sources */ = {
			isa = PBXSourcesBuildPhase;
			buildActionMask = 2147483647;
			files = (
				40C4828320AE4E3800A12282 /* BaseUITest.swift in Sources */,
				40F63F7B20BAE7C6007E0328 /* MockLocalStorage.swift in Sources */,
				404B4C8520BC520C004830CA /* FactItemViewModelSpec.swift in Sources */,
				408606D120AF22CC00258B7A /* MockNorrisRepository.swift in Sources */,
				40C3FC9C20BCF89400072FE5 /* MainViewModelSpec.swift in Sources */,
				40C4828020AE4D2C00A12282 /* CloudTagViewSpec.swift in Sources */,
				40A3702420B4D56400D2F469 /* LocalStorageSpec.swift in Sources */,
				405D44CE2098D7BF00160077 /* MockNorrisService.swift in Sources */,
				407A2ABF20B85A5000FCC2D1 /* SearchViewModelSpec.swift in Sources */,
				40C4828520AE5AE500A12282 /* BaseUITests+Utils.swift in Sources */,
				40A0B6BA20AE6E1A00FFFE6F /* KIF+Utils.swift in Sources */,
				405D44D02098D7CD00160077 /* NorrisRepositorySpec.swift in Sources */,
				408542A620B3B20E0067B39B /* RandomSampleSpec.swift in Sources */,
			);
			runOnlyForDeploymentPostprocessing = 0;
		};
/* End PBXSourcesBuildPhase section */

/* Begin PBXTargetDependency section */
		405D448D2098C16000160077 /* PBXTargetDependency */ = {
			isa = PBXTargetDependency;
			target = 405D44762098C16000160077 /* InstaNorris */;
			targetProxy = 405D448C2098C16000160077 /* PBXContainerItemProxy */;
		};
/* End PBXTargetDependency section */

/* Begin PBXVariantGroup section */
		405D44A32098D54B00160077 /* LaunchScreen.storyboard */ = {
			isa = PBXVariantGroup;
			children = (
				405D44A42098D54B00160077 /* Base */,
			);
			name = LaunchScreen.storyboard;
			sourceTree = "<group>";
		};
/* End PBXVariantGroup section */

/* Begin XCBuildConfiguration section */
		405D44922098C16000160077 /* Debug */ = {
			isa = XCBuildConfiguration;
			buildSettings = {
				ALWAYS_SEARCH_USER_PATHS = NO;
				CLANG_ANALYZER_NONNULL = YES;
				CLANG_ANALYZER_NUMBER_OBJECT_CONVERSION = YES_AGGRESSIVE;
				CLANG_CXX_LANGUAGE_STANDARD = "gnu++14";
				CLANG_CXX_LIBRARY = "libc++";
				CLANG_ENABLE_MODULES = YES;
				CLANG_ENABLE_OBJC_ARC = YES;
				CLANG_WARN_BLOCK_CAPTURE_AUTORELEASING = YES;
				CLANG_WARN_BOOL_CONVERSION = YES;
				CLANG_WARN_COMMA = YES;
				CLANG_WARN_CONSTANT_CONVERSION = YES;
				CLANG_WARN_DIRECT_OBJC_ISA_USAGE = YES_ERROR;
				CLANG_WARN_DOCUMENTATION_COMMENTS = YES;
				CLANG_WARN_EMPTY_BODY = YES;
				CLANG_WARN_ENUM_CONVERSION = YES;
				CLANG_WARN_INFINITE_RECURSION = YES;
				CLANG_WARN_INT_CONVERSION = YES;
				CLANG_WARN_NON_LITERAL_NULL_CONVERSION = YES;
				CLANG_WARN_OBJC_LITERAL_CONVERSION = YES;
				CLANG_WARN_OBJC_ROOT_CLASS = YES_ERROR;
				CLANG_WARN_RANGE_LOOP_ANALYSIS = YES;
				CLANG_WARN_STRICT_PROTOTYPES = YES;
				CLANG_WARN_SUSPICIOUS_MOVE = YES;
				CLANG_WARN_UNGUARDED_AVAILABILITY = YES_AGGRESSIVE;
				CLANG_WARN_UNREACHABLE_CODE = YES;
				CLANG_WARN__DUPLICATE_METHOD_MATCH = YES;
				CODE_SIGN_IDENTITY = "iPhone Developer";
				COPY_PHASE_STRIP = NO;
				DEBUG_INFORMATION_FORMAT = dwarf;
				ENABLE_STRICT_OBJC_MSGSEND = YES;
				ENABLE_TESTABILITY = YES;
				GCC_C_LANGUAGE_STANDARD = gnu11;
				GCC_DYNAMIC_NO_PIC = NO;
				GCC_NO_COMMON_BLOCKS = YES;
				GCC_OPTIMIZATION_LEVEL = 0;
				GCC_PREPROCESSOR_DEFINITIONS = (
					"DEBUG=1",
					"$(inherited)",
				);
				GCC_WARN_64_TO_32_BIT_CONVERSION = YES;
				GCC_WARN_ABOUT_RETURN_TYPE = YES_ERROR;
				GCC_WARN_UNDECLARED_SELECTOR = YES;
				GCC_WARN_UNINITIALIZED_AUTOS = YES_AGGRESSIVE;
				GCC_WARN_UNUSED_FUNCTION = YES;
				GCC_WARN_UNUSED_VARIABLE = YES;
				IPHONEOS_DEPLOYMENT_TARGET = 11.2;
				MTL_ENABLE_DEBUG_INFO = YES;
				ONLY_ACTIVE_ARCH = YES;
				SDKROOT = iphoneos;
				SWIFT_ACTIVE_COMPILATION_CONDITIONS = DEBUG;
				SWIFT_OPTIMIZATION_LEVEL = "-Onone";
			};
			name = Debug;
		};
		405D44932098C16000160077 /* Release */ = {
			isa = XCBuildConfiguration;
			buildSettings = {
				ALWAYS_SEARCH_USER_PATHS = NO;
				CLANG_ANALYZER_NONNULL = YES;
				CLANG_ANALYZER_NUMBER_OBJECT_CONVERSION = YES_AGGRESSIVE;
				CLANG_CXX_LANGUAGE_STANDARD = "gnu++14";
				CLANG_CXX_LIBRARY = "libc++";
				CLANG_ENABLE_MODULES = YES;
				CLANG_ENABLE_OBJC_ARC = YES;
				CLANG_WARN_BLOCK_CAPTURE_AUTORELEASING = YES;
				CLANG_WARN_BOOL_CONVERSION = YES;
				CLANG_WARN_COMMA = YES;
				CLANG_WARN_CONSTANT_CONVERSION = YES;
				CLANG_WARN_DIRECT_OBJC_ISA_USAGE = YES_ERROR;
				CLANG_WARN_DOCUMENTATION_COMMENTS = YES;
				CLANG_WARN_EMPTY_BODY = YES;
				CLANG_WARN_ENUM_CONVERSION = YES;
				CLANG_WARN_INFINITE_RECURSION = YES;
				CLANG_WARN_INT_CONVERSION = YES;
				CLANG_WARN_NON_LITERAL_NULL_CONVERSION = YES;
				CLANG_WARN_OBJC_LITERAL_CONVERSION = YES;
				CLANG_WARN_OBJC_ROOT_CLASS = YES_ERROR;
				CLANG_WARN_RANGE_LOOP_ANALYSIS = YES;
				CLANG_WARN_STRICT_PROTOTYPES = YES;
				CLANG_WARN_SUSPICIOUS_MOVE = YES;
				CLANG_WARN_UNGUARDED_AVAILABILITY = YES_AGGRESSIVE;
				CLANG_WARN_UNREACHABLE_CODE = YES;
				CLANG_WARN__DUPLICATE_METHOD_MATCH = YES;
				CODE_SIGN_IDENTITY = "iPhone Developer";
				COPY_PHASE_STRIP = NO;
				DEBUG_INFORMATION_FORMAT = "dwarf-with-dsym";
				ENABLE_NS_ASSERTIONS = NO;
				ENABLE_STRICT_OBJC_MSGSEND = YES;
				GCC_C_LANGUAGE_STANDARD = gnu11;
				GCC_NO_COMMON_BLOCKS = YES;
				GCC_WARN_64_TO_32_BIT_CONVERSION = YES;
				GCC_WARN_ABOUT_RETURN_TYPE = YES_ERROR;
				GCC_WARN_UNDECLARED_SELECTOR = YES;
				GCC_WARN_UNINITIALIZED_AUTOS = YES_AGGRESSIVE;
				GCC_WARN_UNUSED_FUNCTION = YES;
				GCC_WARN_UNUSED_VARIABLE = YES;
				IPHONEOS_DEPLOYMENT_TARGET = 11.2;
				MTL_ENABLE_DEBUG_INFO = NO;
				SDKROOT = iphoneos;
				SWIFT_OPTIMIZATION_LEVEL = "-Owholemodule";
				VALIDATE_PRODUCT = YES;
			};
			name = Release;
		};
		405D44952098C16000160077 /* Debug */ = {
			isa = XCBuildConfiguration;
			baseConfigurationReference = 8CDA602A63EB08B8C09599D1 /* Pods-InstaNorris.debug.xcconfig */;
			buildSettings = {
				ASSETCATALOG_COMPILER_APPICON_NAME = AppIcon;
				CLANG_ENABLE_MODULES = YES;
				CODE_SIGN_STYLE = Automatic;
				DEVELOPMENT_TEAM = 68SZERZ856;
				ENABLE_BITCODE = NO;
				INFOPLIST_FILE = InstaNorris/Info.plist;
				IPHONEOS_DEPLOYMENT_TARGET = 11.0;
				LD_RUNPATH_SEARCH_PATHS = "$(inherited) @executable_path/Frameworks";
				PRODUCT_BUNDLE_IDENTIFIER = com.akb.InstaNorris;
				PRODUCT_NAME = "$(TARGET_NAME)";
				SWIFT_OPTIMIZATION_LEVEL = "-Onone";
				SWIFT_VERSION = 4.0;
				TARGETED_DEVICE_FAMILY = "1,2";
			};
			name = Debug;
		};
		405D44962098C16000160077 /* Release */ = {
			isa = XCBuildConfiguration;
			baseConfigurationReference = 44DB4F89243AFA231A1D36F9 /* Pods-InstaNorris.release.xcconfig */;
			buildSettings = {
				ASSETCATALOG_COMPILER_APPICON_NAME = AppIcon;
				CLANG_ENABLE_MODULES = YES;
				CODE_SIGN_STYLE = Automatic;
				DEVELOPMENT_TEAM = 68SZERZ856;
				ENABLE_BITCODE = NO;
				INFOPLIST_FILE = InstaNorris/Info.plist;
				IPHONEOS_DEPLOYMENT_TARGET = 11.0;
				LD_RUNPATH_SEARCH_PATHS = "$(inherited) @executable_path/Frameworks";
				PRODUCT_BUNDLE_IDENTIFIER = com.akb.InstaNorris;
				PRODUCT_NAME = "$(TARGET_NAME)";
				SWIFT_VERSION = 4.0;
				TARGETED_DEVICE_FAMILY = "1,2";
			};
			name = Release;
		};
		405D44982098C16000160077 /* Debug */ = {
			isa = XCBuildConfiguration;
			baseConfigurationReference = D7B63B94BF2DC9A975189D53 /* Pods-InstaNorrisTests.debug.xcconfig */;
			buildSettings = {
				ALWAYS_EMBED_SWIFT_STANDARD_LIBRARIES = "$(inherited)";
				BUNDLE_LOADER = "$(TEST_HOST)";
				CLANG_ENABLE_MODULES = YES;
				CODE_SIGN_STYLE = Automatic;
				DEVELOPMENT_TEAM = 68SZERZ856;
				INFOPLIST_FILE = InstaNorrisTests/Info.plist;
				LD_RUNPATH_SEARCH_PATHS = "$(inherited) @executable_path/Frameworks @loader_path/Frameworks";
				PRODUCT_BUNDLE_IDENTIFIER = com.akb.InstaNorrisTests;
				PRODUCT_NAME = "$(TARGET_NAME)";
				SWIFT_OPTIMIZATION_LEVEL = "-Onone";
				SWIFT_VERSION = 4.0;
				TARGETED_DEVICE_FAMILY = "1,2";
				TEST_HOST = "$(BUILT_PRODUCTS_DIR)/InstaNorris.app/InstaNorris";
			};
			name = Debug;
		};
		405D44992098C16000160077 /* Release */ = {
			isa = XCBuildConfiguration;
			baseConfigurationReference = 8E5F55B92C6D20B8ED3BFCC5 /* Pods-InstaNorrisTests.release.xcconfig */;
			buildSettings = {
				ALWAYS_EMBED_SWIFT_STANDARD_LIBRARIES = "$(inherited)";
				BUNDLE_LOADER = "$(TEST_HOST)";
				CLANG_ENABLE_MODULES = YES;
				CODE_SIGN_STYLE = Automatic;
				DEVELOPMENT_TEAM = 68SZERZ856;
				INFOPLIST_FILE = InstaNorrisTests/Info.plist;
				LD_RUNPATH_SEARCH_PATHS = "$(inherited) @executable_path/Frameworks @loader_path/Frameworks";
				PRODUCT_BUNDLE_IDENTIFIER = com.akb.InstaNorrisTests;
				PRODUCT_NAME = "$(TARGET_NAME)";
				SWIFT_VERSION = 4.0;
				TARGETED_DEVICE_FAMILY = "1,2";
				TEST_HOST = "$(BUILT_PRODUCTS_DIR)/InstaNorris.app/InstaNorris";
			};
			name = Release;
		};
/* End XCBuildConfiguration section */

/* Begin XCConfigurationList section */
		405D44722098C16000160077 /* Build configuration list for PBXProject "InstaNorris" */ = {
			isa = XCConfigurationList;
			buildConfigurations = (
				405D44922098C16000160077 /* Debug */,
				405D44932098C16000160077 /* Release */,
			);
			defaultConfigurationIsVisible = 0;
			defaultConfigurationName = Release;
		};
		405D44942098C16000160077 /* Build configuration list for PBXNativeTarget "InstaNorris" */ = {
			isa = XCConfigurationList;
			buildConfigurations = (
				405D44952098C16000160077 /* Debug */,
				405D44962098C16000160077 /* Release */,
			);
			defaultConfigurationIsVisible = 0;
			defaultConfigurationName = Release;
		};
		405D44972098C16000160077 /* Build configuration list for PBXNativeTarget "InstaNorrisTests" */ = {
			isa = XCConfigurationList;
			buildConfigurations = (
				405D44982098C16000160077 /* Debug */,
				405D44992098C16000160077 /* Release */,
			);
			defaultConfigurationIsVisible = 0;
			defaultConfigurationName = Release;
		};
/* End XCConfigurationList section */
	};
	rootObject = 405D446F2098C16000160077 /* Project object */;
}
